
Microsoft Visual Studio Solution File, Format Version 12.00
Project("{FAE04EC0-301F-11D3-BF4B-00C04F79EFBC}") = "WgNode", "WgNode\WgNode.csproj", "{82E39721-83E2-4FEF-BEC9-DFFE97DB7CD0}"
EndProject
Project("{2150E333-8FDC-42A3-9474-1A3956D46DE8}") = "Solution Items", "Solution Items", "{FF735C89-34CB-42E7-B6A6-C2691997B5E3}"
	ProjectSection(SolutionItems) = preProject
		compose.yaml = compose.yaml
	EndProjectSection
EndProject
Global
	GlobalSection(SolutionConfigurationPlatforms) = preSolution
		Debug|Any CPU = Debug|Any CPU
		Release|Any CPU = Release|Any CPU
	EndGlobalSection
	GlobalSection(ProjectConfigurationPlatforms) = postSolution
		{82E39721-83E2-4FEF-BEC9-DFFE97DB7CD0}.Debug|Any CPU.ActiveCfg = Debug|Any CPU
		{82E39721-83E2-4FEF-BEC9-DFFE97DB7CD0}.Debug|Any CPU.Build.0 = Debug|Any CPU
		{82E39721-83E2-4FEF-BEC9-DFFE97DB7CD0}.Release|Any CPU.ActiveCfg = Release|Any CPU
		{82E39721-83E2-4FEF-BEC9-DFFE97DB7CD0}.Release|Any CPU.Build.0 = Release|Any CPU
	EndGlobalSection
EndGlobal
